
Microsoft Visual Studio Solution File, Format Version 12.00
# Visual Studio 15
VisualStudioVersion = 15.0.27703.2018
MinimumVisualStudioVersion = 10.0.40219.1
Project("{FAE04EC0-301F-11D3-BF4B-00C04F79EFBC}") = "MVC", "MVC\MVC.csproj", "{C23C5745-27EC-43F6-8311-AAEB2E1269EB}"
EndProject
Global
	GlobalSection(SolutionConfigurationPlatforms) = preSolution
		Debug|Any CPU = Debug|Any CPU
		Release|Any CPU = Release|Any CPU
	EndGlobalSection
	GlobalSection(ProjectConfigurationPlatforms) = postSolution
		{C23C5745-27EC-43F6-8311-AAEB2E1269EB}.Debug|Any CPU.ActiveCfg = Debug|Any CPU
		{C23C5745-27EC-43F6-8311-AAEB2E1269EB}.Debug|Any CPU.Build.0 = Debug|Any CPU
		{C23C5745-27EC-43F6-8311-AAEB2E1269EB}.Release|Any CPU.ActiveCfg = Release|Any CPU
		{C23C5745-27EC-43F6-8311-AAEB2E1269EB}.Release|Any CPU.Build.0 = Release|Any CPU
	EndGlobalSection
	GlobalSection(SolutionProperties) = preSolution
		HideSolutionNode = FALSE
	EndGlobalSection
	GlobalSection(ExtensibilityGlobals) = postSolution
		SolutionGuid = {6E98E6AC-652C-4273-8B8B-AA85B2CECE26}
	EndGlobalSection
EndGlobal
